
Microsoft Visual Studio Solution File, Format Version 12.00
# Visual Studio 15
VisualStudioVersion = 15.0.27428.2027
MinimumVisualStudioVersion = 10.0.40219.1
Project("{FAE04EC0-301F-11D3-BF4B-00C04F79EFBC}") = "MvcNgTs.Web", "MvcNgTs.Web\MvcNgTs.Web.csproj", "{09517E25-18BB-4243-8E00-C34F9E086787}"
EndProject
Project("{2150E333-8FDC-42A3-9474-1A3956D46DE8}") = ".git", ".git", "{CC4CAA17-FD8B-4F24-9BA4-BCFAD87E4E76}"
	ProjectSection(SolutionItems) = preProject
		.gitignore = .gitignore
	EndProjectSection
EndProject
Global
	GlobalSection(SolutionConfigurationPlatforms) = preSolution
		Debug|Any CPU = Debug|Any CPU
		Release|Any CPU = Release|Any CPU
	EndGlobalSection
	GlobalSection(ProjectConfigurationPlatforms) = postSolution
		{09517E25-18BB-4243-8E00-C34F9E086787}.Debug|Any CPU.ActiveCfg = Debug|Any CPU
		{09517E25-18BB-4243-8E00-C34F9E086787}.Debug|Any CPU.Build.0 = Debug|Any CPU
		{09517E25-18BB-4243-8E00-C34F9E086787}.Release|Any CPU.ActiveCfg = Release|Any CPU
		{09517E25-18BB-4243-8E00-C34F9E086787}.Release|Any CPU.Build.0 = Release|Any CPU
	EndGlobalSection
	GlobalSection(SolutionProperties) = preSolution
		HideSolutionNode = FALSE
	EndGlobalSection
	GlobalSection(ExtensibilityGlobals) = postSolution
		SolutionGuid = {0F8F36F7-02FD-4847-9388-A1E4AA8E7BC8}
	EndGlobalSection
EndGlobal
